
Microsoft Visual Studio Solution File, Format Version 12.00
# Visual Studio 15
VisualStudioVersion = 15.0.27428.2027
MinimumVisualStudioVersion = 10.0.40219.1
Project("{FAE04EC0-301F-11D3-BF4B-00C04F79EFBC}") = "Programmering1_7.5.5", "Programmering1_7.5.5\Programmering1_7.5.5.csproj", "{DC1671D4-B8C9-4F20-B02D-2FAD6F0F90F6}"
EndProject
Global
	GlobalSection(SolutionConfigurationPlatforms) = preSolution
		Debug|Any CPU = Debug|Any CPU
		Release|Any CPU = Release|Any CPU
	EndGlobalSection
	GlobalSection(ProjectConfigurationPlatforms) = postSolution
		{DC1671D4-B8C9-4F20-B02D-2FAD6F0F90F6}.Debug|Any CPU.ActiveCfg = Debug|Any CPU
		{DC1671D4-B8C9-4F20-B02D-2FAD6F0F90F6}.Debug|Any CPU.Build.0 = Debug|Any CPU
		{DC1671D4-B8C9-4F20-B02D-2FAD6F0F90F6}.Release|Any CPU.ActiveCfg = Release|Any CPU
		{DC1671D4-B8C9-4F20-B02D-2FAD6F0F90F6}.Release|Any CPU.Build.0 = Release|Any CPU
	EndGlobalSection
	GlobalSection(SolutionProperties) = preSolution
		HideSolutionNode = FALSE
	EndGlobalSection
	GlobalSection(ExtensibilityGlobals) = postSolution
		SolutionGuid = {24E334A7-2093-46BC-A65B-957FBBBCCF15}
	EndGlobalSection
EndGlobal
